<?xml version="1.0"?>
<Project ToolsVersion="4.0" xmlns="http://schemas.microsoft.com/developer/msbuild/2003">
	<ItemGroup>
		<ClCompile Include="src\ofApp.cpp">
			<Filter>src</Filter>
		</ClCompile>
		<ClCompile Include="src\main.cpp">
			<Filter>src</Filter>
		</ClCompile>
		<ClCompile Include="..\..\..\libraries\of_v20250319_vs_release\addons\ofxAssimp\src\ofxAssimpAnimation.cpp">
			<Filter>addons\ofxAssimp\src</Filter>
		</ClCompile>
		<ClCompile Include="..\..\..\libraries\of_v20250319_vs_release\addons\ofxAssimp\src\ofxAssimpAnimationMixer.cpp">
			<Filter>addons\ofxAssimp\src</Filter>
		</ClCompile>
		<ClCompile Include="..\..\..\libraries\of_v20250319_vs_release\addons\ofxAssimp\src\ofxAssimpBone.cpp">
			<Filter>addons\ofxAssimp\src</Filter>
		</ClCompile>
		<ClCompile Include="..\..\..\libraries\of_v20250319_vs_release\addons\ofxAssimp\src\ofxAssimpBounds.cpp">
			<Filter>addons\ofxAssimp\src</Filter>
		</ClCompile>
		<ClCompile Include="..\..\..\libraries\of_v20250319_vs_release\addons\ofxAssimp\src\ofxAssimpMesh.cpp">
			<Filter>addons\ofxAssimp\src</Filter>
		</ClCompile>
		<ClCompile Include="..\..\..\libraries\of_v20250319_vs_release\addons\ofxAssimp\src\ofxAssimpNode.cpp">
			<Filter>addons\ofxAssimp\src</Filter>
		</ClCompile>
		<ClCompile Include="..\..\..\libraries\of_v20250319_vs_release\addons\ofxAssimp\src\ofxAssimpScene.cpp">
			<Filter>addons\ofxAssimp\src</Filter>
		</ClCompile>
		<ClCompile Include="..\..\..\libraries\of_v20250319_vs_release\addons\ofxAssimp\src\ofxAssimpSkeleton.cpp">
			<Filter>addons\ofxAssimp\src</Filter>
		</ClCompile>
		<ClCompile Include="..\..\..\libraries\of_v20250319_vs_release\addons\ofxAssimp\src\ofxAssimpTexture.cpp">
			<Filter>addons\ofxAssimp\src</Filter>
		</ClCompile>
		<ClCompile Include="..\..\..\libraries\of_v20250319_vs_release\addons\ofxAssimp\src\Source\ofxAssimpSrcAnimKeyCollection.cpp">
			<Filter>addons\ofxAssimp\src\Source</Filter>
		</ClCompile>
		<ClCompile Include="..\..\..\libraries\of_v20250319_vs_release\addons\ofxAssimp\src\Source\ofxAssimpSrcBone.cpp">
			<Filter>addons\ofxAssimp\src\Source</Filter>
		</ClCompile>
		<ClCompile Include="..\..\..\libraries\of_v20250319_vs_release\addons\ofxAssimp\src\Source\ofxAssimpSrcMesh.cpp">
			<Filter>addons\ofxAssimp\src\Source</Filter>
		</ClCompile>
		<ClCompile Include="..\..\..\libraries\of_v20250319_vs_release\addons\ofxAssimp\src\Source\ofxAssimpSrcNode.cpp">
			<Filter>addons\ofxAssimp\src\Source</Filter>
		</ClCompile>
		<ClCompile Include="..\..\..\libraries\of_v20250319_vs_release\addons\ofxAssimp\src\Source\ofxAssimpSrcScene.cpp">
			<Filter>addons\ofxAssimp\src\Source</Filter>
		</ClCompile>
		<ClCompile Include="..\..\..\libraries\of_v20250319_vs_release\addons\ofxAssimpModelLoader\src\ofxAssimpAnimation.cpp">
			<Filter>addons\ofxAssimpModelLoader\src</Filter>
		</ClCompile>
		<ClCompile Include="..\..\..\libraries\of_v20250319_vs_release\addons\ofxAssimpModelLoader\src\ofxAssimpMeshHelper.cpp">
			<Filter>addons\ofxAssimpModelLoader\src</Filter>
		</ClCompile>
		<ClCompile Include="..\..\..\libraries\of_v20250319_vs_release\addons\ofxAssimpModelLoader\src\ofxAssimpModelLoader.cpp">
			<Filter>addons\ofxAssimpModelLoader\src</Filter>
		</ClCompile>
		<ClCompile Include="..\..\..\libraries\of_v20250319_vs_release\addons\ofxAssimpModelLoader\src\ofxAssimpTexture.cpp">
			<Filter>addons\ofxAssimpModelLoader\src</Filter>
		</ClCompile>
		<ClCompile Include="..\..\..\libraries\of_v20250319_vs_release\addons\ofxGui\src\ofxBaseGui.cpp">
			<Filter>addons\ofxGui\src</Filter>
		</ClCompile>
		<ClCompile Include="..\..\..\libraries\of_v20250319_vs_release\addons\ofxGui\src\ofxButton.cpp">
			<Filter>addons\ofxGui\src</Filter>
		</ClCompile>
		<ClCompile Include="..\..\..\libraries\of_v20250319_vs_release\addons\ofxGui\src\ofxColorPicker.cpp">
			<Filter>addons\ofxGui\src</Filter>
		</ClCompile>
		<ClCompile Include="..\..\..\libraries\of_v20250319_vs_release\addons\ofxGui\src\ofxGuiGroup.cpp">
			<Filter>addons\ofxGui\src</Filter>
		</ClCompile>
		<ClCompile Include="..\..\..\libraries\of_v20250319_vs_release\addons\ofxGui\src\ofxInputField.cpp">
			<Filter>addons\ofxGui\src</Filter>
		</ClCompile>
		<ClCompile Include="..\..\..\libraries\of_v20250319_vs_release\addons\ofxGui\src\ofxLabel.cpp">
			<Filter>addons\ofxGui\src</Filter>
		</ClCompile>
		<ClCompile Include="..\..\..\libraries\of_v20250319_vs_release\addons\ofxGui\src\ofxPanel.cpp">
			<Filter>addons\ofxGui\src</Filter>
		</ClCompile>
		<ClCompile Include="..\..\..\libraries\of_v20250319_vs_release\addons\ofxGui\src\ofxSlider.cpp">
			<Filter>addons\ofxGui\src</Filter>
		</ClCompile>
		<ClCompile Include="..\..\..\libraries\of_v20250319_vs_release\addons\ofxGui\src\ofxSliderGroup.cpp">
			<Filter>addons\ofxGui\src</Filter>
		</ClCompile>
		<ClCompile Include="..\..\..\libraries\of_v20250319_vs_release\addons\ofxGui\src\ofxToggle.cpp">
			<Filter>addons\ofxGui\src</Filter>
		</ClCompile>
	</ItemGroup>
	<ItemGroup>
		<Filter Include="src">
			<UniqueIdentifier>{d8376475-7454-4a24-b08a-aac121d3ad6f}</UniqueIdentifier>
		</Filter>
		<Filter Include="addons">
			<UniqueIdentifier>{29171B1C--499-0-41-CE-A-443-1730C7D45B50}</UniqueIdentifier>
		</Filter>
		<Filter Include="addons\ofxAssimp">
			<UniqueIdentifier>{E2E8F565--427-F-48-82-B-BB5-75E31BFE4E25}</UniqueIdentifier>
		</Filter>
		<Filter Include="addons\ofxAssimp\src">
			<UniqueIdentifier>{BC69B726--54C-8-4D-42-A-3AA-4EB2EF0E55CE}</UniqueIdentifier>
		</Filter>
		<Filter Include="addons\ofxAssimp\src\Source">
			<UniqueIdentifier>{D17943D3--EEC-6-4C-9C-8-8DE-46A9E36F1661}</UniqueIdentifier>
		</Filter>
		<Filter Include="addons\ofxAssimpModelLoader">
			<UniqueIdentifier>{CB897D36--3A5-5-49-75-B-64F-7F069EFB0766}</UniqueIdentifier>
		</Filter>
		<Filter Include="addons\ofxAssimpModelLoader\libs">
			<UniqueIdentifier>{9A6D0504--090-1-49-77-B-550-FECAE52A05A3}</UniqueIdentifier>
		</Filter>
		<Filter Include="addons\ofxAssimpModelLoader\libs\assimp">
			<UniqueIdentifier>{D7E69FAD--EFC-0-4A-D2-A-76F-4436DBAFDBDE}</UniqueIdentifier>
		</Filter>
		<Filter Include="addons\ofxAssimpModelLoader\libs\assimp\include">
			<UniqueIdentifier>{B71C75B8--0F7-B-4B-15-B-A48-9EB8D9427009}</UniqueIdentifier>
		</Filter>
		<Filter Include="addons\ofxAssimpModelLoader\libs\assimp\include\assimp">
			<UniqueIdentifier>{294B2715--BBF-1-40-DC-A-E45-C889FA107E5F}</UniqueIdentifier>
		</Filter>
		<Filter Include="addons\ofxAssimpModelLoader\libs\assimp\include\assimp\Compiler">
			<UniqueIdentifier>{9748F247--C2D-2-4D-EB-9-90F-45E41026092D}</UniqueIdentifier>
		</Filter>
		<Filter Include="addons\ofxAssimpModelLoader\libs\assimp\include\assimp\port">
			<UniqueIdentifier>{2BAA028B--040-5-47-F1-9-3EC-8374249BE285}</UniqueIdentifier>
		</Filter>
		<Filter Include="addons\ofxAssimpModelLoader\libs\assimp\include\assimp\port\AndroidJNI">
			<UniqueIdentifier>{1B0079FA--206-4-4A-0D-A-7CB-7FB423A974C1}</UniqueIdentifier>
		</Filter>
		<Filter Include="addons\ofxAssimpModelLoader\src">
			<UniqueIdentifier>{20552377--EFB-1-4B-73-8-208-EA823DC2A0E2}</UniqueIdentifier>
		</Filter>
		<Filter Include="addons\ofxGui">
			<UniqueIdentifier>{7E19428A--970-9-4E-5F-A-4C2-C7D7E6D1F725}</UniqueIdentifier>
		</Filter>
		<Filter Include="addons\ofxGui\src">
			<UniqueIdentifier>{3DB85F81--E25-7-48-A3-A-942-73C45358EE3E}</UniqueIdentifier>
		</Filter>
	</ItemGroup>
	<ItemGroup>
		<ClInclude Include="src\ofApp.h">
			<Filter>src</Filter>
		</ClInclude>
		<ClInclude Include="..\..\..\libraries\of_v20250319_vs_release\addons\ofxAssimp\src\ofxAssimp.h">
			<Filter>addons\ofxAssimp\src</Filter>
		</ClInclude>
		<ClInclude Include="..\..\..\libraries\of_v20250319_vs_release\addons\ofxAssimp\src\ofxAssimpAnimation.h">
			<Filter>addons\ofxAssimp\src</Filter>
		</ClInclude>
		<ClInclude Include="..\..\..\libraries\of_v20250319_vs_release\addons\ofxAssimp\src\ofxAssimpAnimationMixer.h">
			<Filter>addons\ofxAssimp\src</Filter>
		</ClInclude>
		<ClInclude Include="..\..\..\libraries\of_v20250319_vs_release\addons\ofxAssimp\src\ofxAssimpBone.h">
			<Filter>addons\ofxAssimp\src</Filter>
		</ClInclude>
		<ClInclude Include="..\..\..\libraries\of_v20250319_vs_release\addons\ofxAssimp\src\ofxAssimpBounds.h">
			<Filter>addons\ofxAssimp\src</Filter>
		</ClInclude>
		<ClInclude Include="..\..\..\libraries\of_v20250319_vs_release\addons\ofxAssimp\src\ofxAssimpMesh.h">
			<Filter>addons\ofxAssimp\src</Filter>
		</ClInclude>
		<ClInclude Include="..\..\..\libraries\of_v20250319_vs_release\addons\ofxAssimp\src\ofxAssimpNode.h">
			<Filter>addons\ofxAssimp\src</Filter>
		</ClInclude>
		<ClInclude Include="..\..\..\libraries\of_v20250319_vs_release\addons\ofxAssimp\src\ofxAssimpScene.h">
			<Filter>addons\ofxAssimp\src</Filter>
		</ClInclude>
		<ClInclude Include="..\..\..\libraries\of_v20250319_vs_release\addons\ofxAssimp\src\ofxAssimpSkeleton.h">
			<Filter>addons\ofxAssimp\src</Filter>
		</ClInclude>
		<ClInclude Include="..\..\..\libraries\of_v20250319_vs_release\addons\ofxAssimp\src\ofxAssimpTexture.h">
			<Filter>addons\ofxAssimp\src</Filter>
		</ClInclude>
		<ClInclude Include="..\..\..\libraries\of_v20250319_vs_release\addons\ofxAssimp\src\ofxAssimpUtils.h">
			<Filter>addons\ofxAssimp\src</Filter>
		</ClInclude>
		<ClInclude Include="..\..\..\libraries\of_v20250319_vs_release\addons\ofxAssimp\src\Source\ofxAssimpSrcAnimKeyCollection.h">
			<Filter>addons\ofxAssimp\src\Source</Filter>
		</ClInclude>
		<ClInclude Include="..\..\..\libraries\of_v20250319_vs_release\addons\ofxAssimp\src\Source\ofxAssimpSrcBone.h">
			<Filter>addons\ofxAssimp\src\Source</Filter>
		</ClInclude>
		<ClInclude Include="..\..\..\libraries\of_v20250319_vs_release\addons\ofxAssimp\src\Source\ofxAssimpSrcMesh.h">
			<Filter>addons\ofxAssimp\src\Source</Filter>
		</ClInclude>
		<ClInclude Include="..\..\..\libraries\of_v20250319_vs_release\addons\ofxAssimp\src\Source\ofxAssimpSrcNode.h">
			<Filter>addons\ofxAssimp\src\Source</Filter>
		</ClInclude>
		<ClInclude Include="..\..\..\libraries\of_v20250319_vs_release\addons\ofxAssimp\src\Source\ofxAssimpSrcScene.h">
			<Filter>addons\ofxAssimp\src\Source</Filter>
		</ClInclude>
		<ClInclude Include="..\..\..\libraries\of_v20250319_vs_release\addons\ofxAssimpModelLoader\libs\assimp\include\assimp\aabb.h">
			<Filter>addons\ofxAssimpModelLoader\libs\assimp\include\assimp</Filter>
		</ClInclude>
		<ClInclude Include="..\..\..\libraries\of_v20250319_vs_release\addons\ofxAssimpModelLoader\libs\assimp\include\assimp\ai_assert.h">
			<Filter>addons\ofxAssimpModelLoader\libs\assimp\include\assimp</Filter>
		</ClInclude>
		<ClInclude Include="..\..\..\libraries\of_v20250319_vs_release\addons\ofxAssimpModelLoader\libs\assimp\include\assimp\anim.h">
			<Filter>addons\ofxAssimpModelLoader\libs\assimp\include\assimp</Filter>
		</ClInclude>
		<ClInclude Include="..\..\..\libraries\of_v20250319_vs_release\addons\ofxAssimpModelLoader\libs\assimp\include\assimp\AssertHandler.h">
			<Filter>addons\ofxAssimpModelLoader\libs\assimp\include\assimp</Filter>
		</ClInclude>
		<ClInclude Include="..\..\..\libraries\of_v20250319_vs_release\addons\ofxAssimpModelLoader\libs\assimp\include\assimp\Base64.hpp">
			<Filter>addons\ofxAssimpModelLoader\libs\assimp\include\assimp</Filter>
		</ClInclude>
		<ClInclude Include="..\..\..\libraries\of_v20250319_vs_release\addons\ofxAssimpModelLoader\libs\assimp\include\assimp\BaseImporter.h">
			<Filter>addons\ofxAssimpModelLoader\libs\assimp\include\assimp</Filter>
		</ClInclude>
		<ClInclude Include="..\..\..\libraries\of_v20250319_vs_release\addons\ofxAssimpModelLoader\libs\assimp\include\assimp\Bitmap.h">
			<Filter>addons\ofxAssimpModelLoader\libs\assimp\include\assimp</Filter>
		</ClInclude>
		<ClInclude Include="..\..\..\libraries\of_v20250319_vs_release\addons\ofxAssimpModelLoader\libs\assimp\include\assimp\BlobIOSystem.h">
			<Filter>addons\ofxAssimpModelLoader\libs\assimp\include\assimp</Filter>
		</ClInclude>
		<ClInclude Include="..\..\..\libraries\of_v20250319_vs_release\addons\ofxAssimpModelLoader\libs\assimp\include\assimp\ByteSwapper.h">
			<Filter>addons\ofxAssimpModelLoader\libs\assimp\include\assimp</Filter>
		</ClInclude>
		<ClInclude Include="..\..\..\libraries\of_v20250319_vs_release\addons\ofxAssimpModelLoader\libs\assimp\include\assimp\camera.h">
			<Filter>addons\ofxAssimpModelLoader\libs\assimp\include\assimp</Filter>
		</ClInclude>
		<ClInclude Include="..\..\..\libraries\of_v20250319_vs_release\addons\ofxAssimpModelLoader\libs\assimp\include\assimp\cexport.h">
			<Filter>addons\ofxAssimpModelLoader\libs\assimp\include\assimp</Filter>
		</ClInclude>
		<ClInclude Include="..\..\..\libraries\of_v20250319_vs_release\addons\ofxAssimpModelLoader\libs\assimp\include\assimp\cfileio.h">
			<Filter>addons\ofxAssimpModelLoader\libs\assimp\include\assimp</Filter>
		</ClInclude>
		<ClInclude Include="..\..\..\libraries\of_v20250319_vs_release\addons\ofxAssimpModelLoader\libs\assimp\include\assimp\cimport.h">
			<Filter>addons\ofxAssimpModelLoader\libs\assimp\include\assimp</Filter>
		</ClInclude>
		<ClInclude Include="..\..\..\libraries\of_v20250319_vs_release\addons\ofxAssimpModelLoader\libs\assimp\include\assimp\ColladaMetaData.h">
			<Filter>addons\ofxAssimpModelLoader\libs\assimp\include\assimp</Filter>
		</ClInclude>
		<ClInclude Include="..\..\..\libraries\of_v20250319_vs_release\addons\ofxAssimpModelLoader\libs\assimp\include\assimp\color4.h">
			<Filter>addons\ofxAssimpModelLoader\libs\assimp\include\assimp</Filter>
		</ClInclude>
		<ClInclude Include="..\..\..\libraries\of_v20250319_vs_release\addons\ofxAssimpModelLoader\libs\assimp\include\assimp\commonMetaData.h">
			<Filter>addons\ofxAssimpModelLoader\libs\assimp\include\assimp</Filter>
		</ClInclude>
		<ClInclude Include="..\..\..\libraries\of_v20250319_vs_release\addons\ofxAssimpModelLoader\libs\assimp\include\assimp\Compiler\poppack1.h">
			<Filter>addons\ofxAssimpModelLoader\libs\assimp\include\assimp\Compiler</Filter>
		</ClInclude>
		<ClInclude Include="..\..\..\libraries\of_v20250319_vs_release\addons\ofxAssimpModelLoader\libs\assimp\include\assimp\Compiler\pstdint.h">
			<Filter>addons\ofxAssimpModelLoader\libs\assimp\include\assimp\Compiler</Filter>
		</ClInclude>
		<ClInclude Include="..\..\..\libraries\of_v20250319_vs_release\addons\ofxAssimpModelLoader\libs\assimp\include\assimp\Compiler\pushpack1.h">
			<Filter>addons\ofxAssimpModelLoader\libs\assimp\include\assimp\Compiler</Filter>
		</ClInclude>
		<ClInclude Include="..\..\..\libraries\of_v20250319_vs_release\addons\ofxAssimpModelLoader\libs\assimp\include\assimp\config.h">
			<Filter>addons\ofxAssimpModelLoader\libs\assimp\include\assimp</Filter>
		</ClInclude>
		<ClInclude Include="..\..\..\libraries\of_v20250319_vs_release\addons\ofxAssimpModelLoader\libs\assimp\include\assimp\CreateAnimMesh.h">
			<Filter>addons\ofxAssimpModelLoader\libs\assimp\include\assimp</Filter>
		</ClInclude>
		<ClInclude Include="..\..\..\libraries\of_v20250319_vs_release\addons\ofxAssimpModelLoader\libs\assimp\include\assimp\DefaultIOStream.h">
			<Filter>addons\ofxAssimpModelLoader\libs\assimp\include\assimp</Filter>
		</ClInclude>
		<ClInclude Include="..\..\..\libraries\of_v20250319_vs_release\addons\ofxAssimpModelLoader\libs\assimp\include\assimp\DefaultIOSystem.h">
			<Filter>addons\ofxAssimpModelLoader\libs\assimp\include\assimp</Filter>
		</ClInclude>
		<ClInclude Include="..\..\..\libraries\of_v20250319_vs_release\addons\ofxAssimpModelLoader\libs\assimp\include\assimp\DefaultLogger.hpp">
			<Filter>addons\ofxAssimpModelLoader\libs\assimp\include\assimp</Filter>
		</ClInclude>
		<ClInclude Include="..\..\..\libraries\of_v20250319_vs_release\addons\ofxAssimpModelLoader\libs\assimp\include\assimp\defs.h">
			<Filter>addons\ofxAssimpModelLoader\libs\assimp\include\assimp</Filter>
		</ClInclude>
		<ClInclude Include="..\..\..\libraries\of_v20250319_vs_release\addons\ofxAssimpModelLoader\libs\assimp\include\assimp\Exceptional.h">
			<Filter>addons\ofxAssimpModelLoader\libs\assimp\include\assimp</Filter>
		</ClInclude>
		<ClInclude Include="..\..\..\libraries\of_v20250319_vs_release\addons\ofxAssimpModelLoader\libs\assimp\include\assimp\Exporter.hpp">
			<Filter>addons\ofxAssimpModelLoader\libs\assimp\include\assimp</Filter>
		</ClInclude>
		<ClInclude Include="..\..\..\libraries\of_v20250319_vs_release\addons\ofxAssimpModelLoader\libs\assimp\include\assimp\fast_atof.h">
			<Filter>addons\ofxAssimpModelLoader\libs\assimp\include\assimp</Filter>
		</ClInclude>
		<ClInclude Include="..\..\..\libraries\of_v20250319_vs_release\addons\ofxAssimpModelLoader\libs\assimp\include\assimp\GenericProperty.h">
			<Filter>addons\ofxAssimpModelLoader\libs\assimp\include\assimp</Filter>
		</ClInclude>
		<ClInclude Include="..\..\..\libraries\of_v20250319_vs_release\addons\ofxAssimpModelLoader\libs\assimp\include\assimp\GltfMaterial.h">
			<Filter>addons\ofxAssimpModelLoader\libs\assimp\include\assimp</Filter>
		</ClInclude>
		<ClInclude Include="..\..\..\libraries\of_v20250319_vs_release\addons\ofxAssimpModelLoader\libs\assimp\include\assimp\Hash.h">
			<Filter>addons\ofxAssimpModelLoader\libs\assimp\include\assimp</Filter>
		</ClInclude>
		<ClInclude Include="..\..\..\libraries\of_v20250319_vs_release\addons\ofxAssimpModelLoader\libs\assimp\include\assimp\Importer.hpp">
			<Filter>addons\ofxAssimpModelLoader\libs\assimp\include\assimp</Filter>
		</ClInclude>
		<ClInclude Include="..\..\..\libraries\of_v20250319_vs_release\addons\ofxAssimpModelLoader\libs\assimp\include\assimp\importerdesc.h">
			<Filter>addons\ofxAssimpModelLoader\libs\assimp\include\assimp</Filter>
		</ClInclude>
		<ClInclude Include="..\..\..\libraries\of_v20250319_vs_release\addons\ofxAssimpModelLoader\libs\assimp\include\assimp\IOStream.hpp">
			<Filter>addons\ofxAssimpModelLoader\libs\assimp\include\assimp</Filter>
		</ClInclude>
		<ClInclude Include="..\..\..\libraries\of_v20250319_vs_release\addons\ofxAssimpModelLoader\libs\assimp\include\assimp\IOStreamBuffer.h">
			<Filter>addons\ofxAssimpModelLoader\libs\assimp\include\assimp</Filter>
		</ClInclude>
		<ClInclude Include="..\..\..\libraries\of_v20250319_vs_release\addons\ofxAssimpModelLoader\libs\assimp\include\assimp\IOSystem.hpp">
			<Filter>addons\ofxAssimpModelLoader\libs\assimp\include\assimp</Filter>
		</ClInclude>
		<ClInclude Include="..\..\..\libraries\of_v20250319_vs_release\addons\ofxAssimpModelLoader\libs\assimp\include\assimp\light.h">
			<Filter>addons\ofxAssimpModelLoader\libs\assimp\include\assimp</Filter>
		</ClInclude>
		<ClInclude Include="..\..\..\libraries\of_v20250319_vs_release\addons\ofxAssimpModelLoader\libs\assimp\include\assimp\LineSplitter.h">
			<Filter>addons\ofxAssimpModelLoader\libs\assimp\include\assimp</Filter>
		</ClInclude>
		<ClInclude Include="..\..\..\libraries\of_v20250319_vs_release\addons\ofxAssimpModelLoader\libs\assimp\include\assimp\LogAux.h">
			<Filter>addons\ofxAssimpModelLoader\libs\assimp\include\assimp</Filter>
		</ClInclude>
		<ClInclude Include="..\..\..\libraries\of_v20250319_vs_release\addons\ofxAssimpModelLoader\libs\assimp\include\assimp\Logger.hpp">
			<Filter>addons\ofxAssimpModelLoader\libs\assimp\include\assimp</Filter>
		</ClInclude>
		<ClInclude Include="..\..\..\libraries\of_v20250319_vs_release\addons\ofxAssimpModelLoader\libs\assimp\include\assimp\LogStream.hpp">
			<Filter>addons\ofxAssimpModelLoader\libs\assimp\include\assimp</Filter>
		</ClInclude>
		<ClInclude Include="..\..\..\libraries\of_v20250319_vs_release\addons\ofxAssimpModelLoader\libs\assimp\include\assimp\material.h">
			<Filter>addons\ofxAssimpModelLoader\libs\assimp\include\assimp</Filter>
		</ClInclude>
		<ClInclude Include="..\..\..\libraries\of_v20250319_vs_release\addons\ofxAssimpModelLoader\libs\assimp\include\assimp\MathFunctions.h">
			<Filter>addons\ofxAssimpModelLoader\libs\assimp\include\assimp</Filter>
		</ClInclude>
		<ClInclude Include="..\..\..\libraries\of_v20250319_vs_release\addons\ofxAssimpModelLoader\libs\assimp\include\assimp\matrix3x3.h">
			<Filter>addons\ofxAssimpModelLoader\libs\assimp\include\assimp</Filter>
		</ClInclude>
		<ClInclude Include="..\..\..\libraries\of_v20250319_vs_release\addons\ofxAssimpModelLoader\libs\assimp\include\assimp\matrix4x4.h">
			<Filter>addons\ofxAssimpModelLoader\libs\assimp\include\assimp</Filter>
		</ClInclude>
		<ClInclude Include="..\..\..\libraries\of_v20250319_vs_release\addons\ofxAssimpModelLoader\libs\assimp\include\assimp\MemoryIOWrapper.h">
			<Filter>addons\ofxAssimpModelLoader\libs\assimp\include\assimp</Filter>
		</ClInclude>
		<ClInclude Include="..\..\..\libraries\of_v20250319_vs_release\addons\ofxAssimpModelLoader\libs\assimp\include\assimp\mesh.h">
			<Filter>addons\ofxAssimpModelLoader\libs\assimp\include\assimp</Filter>
		</ClInclude>
		<ClInclude Include="..\..\..\libraries\of_v20250319_vs_release\addons\ofxAssimpModelLoader\libs\assimp\include\assimp\metadata.h">
			<Filter>addons\ofxAssimpModelLoader\libs\assimp\include\assimp</Filter>
		</ClInclude>
		<ClInclude Include="..\..\..\libraries\of_v20250319_vs_release\addons\ofxAssimpModelLoader\libs\assimp\include\assimp\NullLogger.hpp">
			<Filter>addons\ofxAssimpModelLoader\libs\assimp\include\assimp</Filter>
		</ClInclude>
		<ClInclude Include="..\..\..\libraries\of_v20250319_vs_release\addons\ofxAssimpModelLoader\libs\assimp\include\assimp\ObjMaterial.h">
			<Filter>addons\ofxAssimpModelLoader\libs\assimp\include\assimp</Filter>
		</ClInclude>
		<ClInclude Include="..\..\..\libraries\of_v20250319_vs_release\addons\ofxAssimpModelLoader\libs\assimp\include\assimp\ParsingUtils.h">
			<Filter>addons\ofxAssimpModelLoader\libs\assimp\include\assimp</Filter>
		</ClInclude>
		<ClInclude Include="..\..\..\libraries\of_v20250319_vs_release\addons\ofxAssimpModelLoader\libs\assimp\include\assimp\pbrmaterial.h">
			<Filter>addons\ofxAssimpModelLoader\libs\assimp\include\assimp</Filter>
		</ClInclude>
		<ClInclude Include="..\..\..\libraries\of_v20250319_vs_release\addons\ofxAssimpModelLoader\libs\assimp\include\assimp\port\AndroidJNI\AndroidJNIIOSystem.h">
			<Filter>addons\ofxAssimpModelLoader\libs\assimp\include\assimp\port\AndroidJNI</Filter>
		</ClInclude>
		<ClInclude Include="..\..\..\libraries\of_v20250319_vs_release\addons\ofxAssimpModelLoader\libs\assimp\include\assimp\port\AndroidJNI\BundledAssetIOSystem.h">
			<Filter>addons\ofxAssimpModelLoader\libs\assimp\include\assimp\port\AndroidJNI</Filter>
		</ClInclude>
		<ClInclude Include="..\..\..\libraries\of_v20250319_vs_release\addons\ofxAssimpModelLoader\libs\assimp\include\assimp\postprocess.h">
			<Filter>addons\ofxAssimpModelLoader\libs\assimp\include\assimp</Filter>
		</ClInclude>
		<ClInclude Include="..\..\..\libraries\of_v20250319_vs_release\addons\ofxAssimpModelLoader\libs\assimp\include\assimp\Profiler.h">
			<Filter>addons\ofxAssimpModelLoader\libs\assimp\include\assimp</Filter>
		</ClInclude>
		<ClInclude Include="..\..\..\libraries\of_v20250319_vs_release\addons\ofxAssimpModelLoader\libs\assimp\include\assimp\ProgressHandler.hpp">
			<Filter>addons\ofxAssimpModelLoader\libs\assimp\include\assimp</Filter>
		</ClInclude>
		<ClInclude Include="..\..\..\libraries\of_v20250319_vs_release\addons\ofxAssimpModelLoader\libs\assimp\include\assimp\qnan.h">
			<Filter>addons\ofxAssimpModelLoader\libs\assimp\include\assimp</Filter>
		</ClInclude>
		<ClInclude Include="..\..\..\libraries\of_v20250319_vs_release\addons\ofxAssimpModelLoader\libs\assimp\include\assimp\quaternion.h">
			<Filter>addons\ofxAssimpModelLoader\libs\assimp\include\assimp</Filter>
		</ClInclude>
		<ClInclude Include="..\..\..\libraries\of_v20250319_vs_release\addons\ofxAssimpModelLoader\libs\assimp\include\assimp\RemoveComments.h">
			<Filter>addons\ofxAssimpModelLoader\libs\assimp\include\assimp</Filter>
		</ClInclude>
		<ClInclude Include="..\..\..\libraries\of_v20250319_vs_release\addons\ofxAssimpModelLoader\libs\assimp\include\assimp\revision.h">
			<Filter>addons\ofxAssimpModelLoader\libs\assimp\include\assimp</Filter>
		</ClInclude>
		<ClInclude Include="..\..\..\libraries\of_v20250319_vs_release\addons\ofxAssimpModelLoader\libs\assimp\include\assimp\scene.h">
			<Filter>addons\ofxAssimpModelLoader\libs\assimp\include\assimp</Filter>
		</ClInclude>
		<ClInclude Include="..\..\..\libraries\of_v20250319_vs_release\addons\ofxAssimpModelLoader\libs\assimp\include\assimp\SceneCombiner.h">
			<Filter>addons\ofxAssimpModelLoader\libs\assimp\include\assimp</Filter>
		</ClInclude>
		<ClInclude Include="..\..\..\libraries\of_v20250319_vs_release\addons\ofxAssimpModelLoader\libs\assimp\include\assimp\SGSpatialSort.h">
			<Filter>addons\ofxAssimpModelLoader\libs\assimp\include\assimp</Filter>
		</ClInclude>
		<ClInclude Include="..\..\..\libraries\of_v20250319_vs_release\addons\ofxAssimpModelLoader\libs\assimp\include\assimp\SkeletonMeshBuilder.h">
			<Filter>addons\ofxAssimpModelLoader\libs\assimp\include\assimp</Filter>
		</ClInclude>
		<ClInclude Include="..\..\..\libraries\of_v20250319_vs_release\addons\ofxAssimpModelLoader\libs\assimp\include\assimp\SmallVector.h">
			<Filter>addons\ofxAssimpModelLoader\libs\assimp\include\assimp</Filter>
		</ClInclude>
		<ClInclude Include="..\..\..\libraries\of_v20250319_vs_release\addons\ofxAssimpModelLoader\libs\assimp\include\assimp\SmoothingGroups.h">
			<Filter>addons\ofxAssimpModelLoader\libs\assimp\include\assimp</Filter>
		</ClInclude>
		<ClInclude Include="..\..\..\libraries\of_v20250319_vs_release\addons\ofxAssimpModelLoader\libs\assimp\include\assimp\SpatialSort.h">
			<Filter>addons\ofxAssimpModelLoader\libs\assimp\include\assimp</Filter>
		</ClInclude>
		<ClInclude Include="..\..\..\libraries\of_v20250319_vs_release\addons\ofxAssimpModelLoader\libs\assimp\include\assimp\StandardShapes.h">
			<Filter>addons\ofxAssimpModelLoader\libs\assimp\include\assimp</Filter>
		</ClInclude>
		<ClInclude Include="..\..\..\libraries\of_v20250319_vs_release\addons\ofxAssimpModelLoader\libs\assimp\include\assimp\StreamReader.h">
			<Filter>addons\ofxAssimpModelLoader\libs\assimp\include\assimp</Filter>
		</ClInclude>
		<ClInclude Include="..\..\..\libraries\of_v20250319_vs_release\addons\ofxAssimpModelLoader\libs\assimp\include\assimp\StreamWriter.h">
			<Filter>addons\ofxAssimpModelLoader\libs\assimp\include\assimp</Filter>
		</ClInclude>
		<ClInclude Include="..\..\..\libraries\of_v20250319_vs_release\addons\ofxAssimpModelLoader\libs\assimp\include\assimp\StringComparison.h">
			<Filter>addons\ofxAssimpModelLoader\libs\assimp\include\assimp</Filter>
		</ClInclude>
		<ClInclude Include="..\..\..\libraries\of_v20250319_vs_release\addons\ofxAssimpModelLoader\libs\assimp\include\assimp\StringUtils.h">
			<Filter>addons\ofxAssimpModelLoader\libs\assimp\include\assimp</Filter>
		</ClInclude>
		<ClInclude Include="..\..\..\libraries\of_v20250319_vs_release\addons\ofxAssimpModelLoader\libs\assimp\include\assimp\Subdivision.h">
			<Filter>addons\ofxAssimpModelLoader\libs\assimp\include\assimp</Filter>
		</ClInclude>
		<ClInclude Include="..\..\..\libraries\of_v20250319_vs_release\addons\ofxAssimpModelLoader\libs\assimp\include\assimp\texture.h">
			<Filter>addons\ofxAssimpModelLoader\libs\assimp\include\assimp</Filter>
		</ClInclude>
		<ClInclude Include="..\..\..\libraries\of_v20250319_vs_release\addons\ofxAssimpModelLoader\libs\assimp\include\assimp\TinyFormatter.h">
			<Filter>addons\ofxAssimpModelLoader\libs\assimp\include\assimp</Filter>
		</ClInclude>
		<ClInclude Include="..\..\..\libraries\of_v20250319_vs_release\addons\ofxAssimpModelLoader\libs\assimp\include\assimp\types.h">
			<Filter>addons\ofxAssimpModelLoader\libs\assimp\include\assimp</Filter>
		</ClInclude>
		<ClInclude Include="..\..\..\libraries\of_v20250319_vs_release\addons\ofxAssimpModelLoader\libs\assimp\include\assimp\vector2.h">
			<Filter>addons\ofxAssimpModelLoader\libs\assimp\include\assimp</Filter>
		</ClInclude>
		<ClInclude Include="..\..\..\libraries\of_v20250319_vs_release\addons\ofxAssimpModelLoader\libs\assimp\include\assimp\vector3.h">
			<Filter>addons\ofxAssimpModelLoader\libs\assimp\include\assimp</Filter>
		</ClInclude>
		<ClInclude Include="..\..\..\libraries\of_v20250319_vs_release\addons\ofxAssimpModelLoader\libs\assimp\include\assimp\version.h">
			<Filter>addons\ofxAssimpModelLoader\libs\assimp\include\assimp</Filter>
		</ClInclude>
		<ClInclude Include="..\..\..\libraries\of_v20250319_vs_release\addons\ofxAssimpModelLoader\libs\assimp\include\assimp\Vertex.h">
			<Filter>addons\ofxAssimpModelLoader\libs\assimp\include\assimp</Filter>
		</ClInclude>
		<ClInclude Include="..\..\..\libraries\of_v20250319_vs_release\addons\ofxAssimpModelLoader\libs\assimp\include\assimp\XmlParser.h">
			<Filter>addons\ofxAssimpModelLoader\libs\assimp\include\assimp</Filter>
		</ClInclude>
		<ClInclude Include="..\..\..\libraries\of_v20250319_vs_release\addons\ofxAssimpModelLoader\libs\assimp\include\assimp\XMLTools.h">
			<Filter>addons\ofxAssimpModelLoader\libs\assimp\include\assimp</Filter>
		</ClInclude>
		<ClInclude Include="..\..\..\libraries\of_v20250319_vs_release\addons\ofxAssimpModelLoader\libs\assimp\include\assimp\ZipArchiveIOSystem.h">
			<Filter>addons\ofxAssimpModelLoader\libs\assimp\include\assimp</Filter>
		</ClInclude>
		<ClInclude Include="..\..\..\libraries\of_v20250319_vs_release\addons\ofxAssimpModelLoader\src\ofxAssimpAnimation.h">
			<Filter>addons\ofxAssimpModelLoader\src</Filter>
		</ClInclude>
		<ClInclude Include="..\..\..\libraries\of_v20250319_vs_release\addons\ofxAssimpModelLoader\src\ofxAssimpMeshHelper.h">
			<Filter>addons\ofxAssimpModelLoader\src</Filter>
		</ClInclude>
		<ClInclude Include="..\..\..\libraries\of_v20250319_vs_release\addons\ofxAssimpModelLoader\src\ofxAssimpModelLoader.h">
			<Filter>addons\ofxAssimpModelLoader\src</Filter>
		</ClInclude>
		<ClInclude Include="..\..\..\libraries\of_v20250319_vs_release\addons\ofxAssimpModelLoader\src\ofxAssimpTexture.h">
			<Filter>addons\ofxAssimpModelLoader\src</Filter>
		</ClInclude>
		<ClInclude Include="..\..\..\libraries\of_v20250319_vs_release\addons\ofxAssimpModelLoader\src\ofxAssimpUtils.h">
			<Filter>addons\ofxAssimpModelLoader\src</Filter>
		</ClInclude>
		<ClInclude Include="..\..\..\libraries\of_v20250319_vs_release\addons\ofxAssimpModelLoader\libs\assimp\include\assimp\aabb.h">
			<Filter>addons\ofxAssimpModelLoader\libs\assimp\include\assimp</Filter>
		</ClInclude>
		<ClInclude Include="..\..\..\libraries\of_v20250319_vs_release\addons\ofxAssimpModelLoader\libs\assimp\include\assimp\ai_assert.h">
			<Filter>addons\ofxAssimpModelLoader\libs\assimp\include\assimp</Filter>
		</ClInclude>
		<ClInclude Include="..\..\..\libraries\of_v20250319_vs_release\addons\ofxAssimpModelLoader\libs\assimp\include\assimp\anim.h">
			<Filter>addons\ofxAssimpModelLoader\libs\assimp\include\assimp</Filter>
		</ClInclude>
		<ClInclude Include="..\..\..\libraries\of_v20250319_vs_release\addons\ofxAssimpModelLoader\libs\assimp\include\assimp\AssertHandler.h">
			<Filter>addons\ofxAssimpModelLoader\libs\assimp\include\assimp</Filter>
		</ClInclude>
		<ClInclude Include="..\..\..\libraries\of_v20250319_vs_release\addons\ofxAssimpModelLoader\libs\assimp\include\assimp\Base64.hpp">
			<Filter>addons\ofxAssimpModelLoader\libs\assimp\include\assimp</Filter>
		</ClInclude>
		<ClInclude Include="..\..\..\libraries\of_v20250319_vs_release\addons\ofxAssimpModelLoader\libs\assimp\include\assimp\BaseImporter.h">
			<Filter>addons\ofxAssimpModelLoader\libs\assimp\include\assimp</Filter>
		</ClInclude>
		<ClInclude Include="..\..\..\libraries\of_v20250319_vs_release\addons\ofxAssimpModelLoader\libs\assimp\include\assimp\Bitmap.h">
			<Filter>addons\ofxAssimpModelLoader\libs\assimp\include\assimp</Filter>
		</ClInclude>
		<ClInclude Include="..\..\..\libraries\of_v20250319_vs_release\addons\ofxAssimpModelLoader\libs\assimp\include\assimp\BlobIOSystem.h">
			<Filter>addons\ofxAssimpModelLoader\libs\assimp\include\assimp</Filter>
		</ClInclude>
		<ClInclude Include="..\..\..\libraries\of_v20250319_vs_release\addons\ofxAssimpModelLoader\libs\assimp\include\assimp\ByteSwapper.h">
			<Filter>addons\ofxAssimpModelLoader\libs\assimp\include\assimp</Filter>
		</ClInclude>
		<ClInclude Include="..\..\..\libraries\of_v20250319_vs_release\addons\ofxAssimpModelLoader\libs\assimp\include\assimp\camera.h">
			<Filter>addons\ofxAssimpModelLoader\libs\assimp\include\assimp</Filter>
		</ClInclude>
		<ClInclude Include="..\..\..\libraries\of_v20250319_vs_release\addons\ofxAssimpModelLoader\libs\assimp\include\assimp\cexport.h">
			<Filter>addons\ofxAssimpModelLoader\libs\assimp\include\assimp</Filter>
		</ClInclude>
		<ClInclude Include="..\..\..\libraries\of_v20250319_vs_release\addons\ofxAssimpModelLoader\libs\assimp\include\assimp\cfileio.h">
			<Filter>addons\ofxAssimpModelLoader\libs\assimp\include\assimp</Filter>
		</ClInclude>
		<ClInclude Include="..\..\..\libraries\of_v20250319_vs_release\addons\ofxAssimpModelLoader\libs\assimp\include\assimp\cimport.h">
			<Filter>addons\ofxAssimpModelLoader\libs\assimp\include\assimp</Filter>
		</ClInclude>
		<ClInclude Include="..\..\..\libraries\of_v20250319_vs_release\addons\ofxAssimpModelLoader\libs\assimp\include\assimp\ColladaMetaData.h">
			<Filter>addons\ofxAssimpModelLoader\libs\assimp\include\assimp</Filter>
		</ClInclude>
		<ClInclude Include="..\..\..\libraries\of_v20250319_vs_release\addons\ofxAssimpModelLoader\libs\assimp\include\assimp\color4.h">
			<Filter>addons\ofxAssimpModelLoader\libs\assimp\include\assimp</Filter>
		</ClInclude>
		<ClInclude Include="..\..\..\libraries\of_v20250319_vs_release\addons\ofxAssimpModelLoader\libs\assimp\include\assimp\commonMetaData.h">
			<Filter>addons\ofxAssimpModelLoader\libs\assimp\include\assimp</Filter>
		</ClInclude>
		<ClInclude Include="..\..\..\libraries\of_v20250319_vs_release\addons\ofxAssimpModelLoader\libs\assimp\include\assimp\Compiler\poppack1.h">
			<Filter>addons\ofxAssimpModelLoader\libs\assimp\include\assimp\Compiler</Filter>
		</ClInclude>
		<ClInclude Include="..\..\..\libraries\of_v20250319_vs_release\addons\ofxAssimpModelLoader\libs\assimp\include\assimp\Compiler\pstdint.h">
			<Filter>addons\ofxAssimpModelLoader\libs\assimp\include\assimp\Compiler</Filter>
		</ClInclude>
		<ClInclude Include="..\..\..\libraries\of_v20250319_vs_release\addons\ofxAssimpModelLoader\libs\assimp\include\assimp\Compiler\pushpack1.h">
			<Filter>addons\ofxAssimpModelLoader\libs\assimp\include\assimp\Compiler</Filter>
		</ClInclude>
		<ClInclude Include="..\..\..\libraries\of_v20250319_vs_release\addons\ofxAssimpModelLoader\libs\assimp\include\assimp\config.h">
			<Filter>addons\ofxAssimpModelLoader\libs\assimp\include\assimp</Filter>
		</ClInclude>
		<ClInclude Include="..\..\..\libraries\of_v20250319_vs_release\addons\ofxAssimpModelLoader\libs\assimp\include\assimp\CreateAnimMesh.h">
			<Filter>addons\ofxAssimpModelLoader\libs\assimp\include\assimp</Filter>
		</ClInclude>
		<ClInclude Include="..\..\..\libraries\of_v20250319_vs_release\addons\ofxAssimpModelLoader\libs\assimp\include\assimp\DefaultIOStream.h">
			<Filter>addons\ofxAssimpModelLoader\libs\assimp\include\assimp</Filter>
		</ClInclude>
		<ClInclude Include="..\..\..\libraries\of_v20250319_vs_release\addons\ofxAssimpModelLoader\libs\assimp\include\assimp\DefaultIOSystem.h">
			<Filter>addons\ofxAssimpModelLoader\libs\assimp\include\assimp</Filter>
		</ClInclude>
		<ClInclude Include="..\..\..\libraries\of_v20250319_vs_release\addons\ofxAssimpModelLoader\libs\assimp\include\assimp\DefaultLogger.hpp">
			<Filter>addons\ofxAssimpModelLoader\libs\assimp\include\assimp</Filter>
		</ClInclude>
		<ClInclude Include="..\..\..\libraries\of_v20250319_vs_release\addons\ofxAssimpModelLoader\libs\assimp\include\assimp\defs.h">
			<Filter>addons\ofxAssimpModelLoader\libs\assimp\include\assimp</Filter>
		</ClInclude>
		<ClInclude Include="..\..\..\libraries\of_v20250319_vs_release\addons\ofxAssimpModelLoader\libs\assimp\include\assimp\Exceptional.h">
			<Filter>addons\ofxAssimpModelLoader\libs\assimp\include\assimp</Filter>
		</ClInclude>
		<ClInclude Include="..\..\..\libraries\of_v20250319_vs_release\addons\ofxAssimpModelLoader\libs\assimp\include\assimp\Exporter.hpp">
			<Filter>addons\ofxAssimpModelLoader\libs\assimp\include\assimp</Filter>
		</ClInclude>
		<ClInclude Include="..\..\..\libraries\of_v20250319_vs_release\addons\ofxAssimpModelLoader\libs\assimp\include\assimp\fast_atof.h">
			<Filter>addons\ofxAssimpModelLoader\libs\assimp\include\assimp</Filter>
		</ClInclude>
		<ClInclude Include="..\..\..\libraries\of_v20250319_vs_release\addons\ofxAssimpModelLoader\libs\assimp\include\assimp\GenericProperty.h">
			<Filter>addons\ofxAssimpModelLoader\libs\assimp\include\assimp</Filter>
		</ClInclude>
		<ClInclude Include="..\..\..\libraries\of_v20250319_vs_release\addons\ofxAssimpModelLoader\libs\assimp\include\assimp\GltfMaterial.h">
			<Filter>addons\ofxAssimpModelLoader\libs\assimp\include\assimp</Filter>
		</ClInclude>
		<ClInclude Include="..\..\..\libraries\of_v20250319_vs_release\addons\ofxAssimpModelLoader\libs\assimp\include\assimp\Hash.h">
			<Filter>addons\ofxAssimpModelLoader\libs\assimp\include\assimp</Filter>
		</ClInclude>
		<ClInclude Include="..\..\..\libraries\of_v20250319_vs_release\addons\ofxAssimpModelLoader\libs\assimp\include\assimp\Importer.hpp">
			<Filter>addons\ofxAssimpModelLoader\libs\assimp\include\assimp</Filter>
		</ClInclude>
		<ClInclude Include="..\..\..\libraries\of_v20250319_vs_release\addons\ofxAssimpModelLoader\libs\assimp\include\assimp\importerdesc.h">
			<Filter>addons\ofxAssimpModelLoader\libs\assimp\include\assimp</Filter>
		</ClInclude>
		<ClInclude Include="..\..\..\libraries\of_v20250319_vs_release\addons\ofxAssimpModelLoader\libs\assimp\include\assimp\IOStream.hpp">
			<Filter>addons\ofxAssimpModelLoader\libs\assimp\include\assimp</Filter>
		</ClInclude>
		<ClInclude Include="..\..\..\libraries\of_v20250319_vs_release\addons\ofxAssimpModelLoader\libs\assimp\include\assimp\IOStreamBuffer.h">
			<Filter>addons\ofxAssimpModelLoader\libs\assimp\include\assimp</Filter>
		</ClInclude>
		<ClInclude Include="..\..\..\libraries\of_v20250319_vs_release\addons\ofxAssimpModelLoader\libs\assimp\include\assimp\IOSystem.hpp">
			<Filter>addons\ofxAssimpModelLoader\libs\assimp\include\assimp</Filter>
		</ClInclude>
		<ClInclude Include="..\..\..\libraries\of_v20250319_vs_release\addons\ofxAssimpModelLoader\libs\assimp\include\assimp\light.h">
			<Filter>addons\ofxAssimpModelLoader\libs\assimp\include\assimp</Filter>
		</ClInclude>
		<ClInclude Include="..\..\..\libraries\of_v20250319_vs_release\addons\ofxAssimpModelLoader\libs\assimp\include\assimp\LineSplitter.h">
			<Filter>addons\ofxAssimpModelLoader\libs\assimp\include\assimp</Filter>
		</ClInclude>
		<ClInclude Include="..\..\..\libraries\of_v20250319_vs_release\addons\ofxAssimpModelLoader\libs\assimp\include\assimp\LogAux.h">
			<Filter>addons\ofxAssimpModelLoader\libs\assimp\include\assimp</Filter>
		</ClInclude>
		<ClInclude Include="..\..\..\libraries\of_v20250319_vs_release\addons\ofxAssimpModelLoader\libs\assimp\include\assimp\Logger.hpp">
			<Filter>addons\ofxAssimpModelLoader\libs\assimp\include\assimp</Filter>
		</ClInclude>
		<ClInclude Include="..\..\..\libraries\of_v20250319_vs_release\addons\ofxAssimpModelLoader\libs\assimp\include\assimp\LogStream.hpp">
			<Filter>addons\ofxAssimpModelLoader\libs\assimp\include\assimp</Filter>
		</ClInclude>
		<ClInclude Include="..\..\..\libraries\of_v20250319_vs_release\addons\ofxAssimpModelLoader\libs\assimp\include\assimp\material.h">
			<Filter>addons\ofxAssimpModelLoader\libs\assimp\include\assimp</Filter>
		</ClInclude>
		<ClInclude Include="..\..\..\libraries\of_v20250319_vs_release\addons\ofxAssimpModelLoader\libs\assimp\include\assimp\MathFunctions.h">
			<Filter>addons\ofxAssimpModelLoader\libs\assimp\include\assimp</Filter>
		</ClInclude>
		<ClInclude Include="..\..\..\libraries\of_v20250319_vs_release\addons\ofxAssimpModelLoader\libs\assimp\include\assimp\matrix3x3.h">
			<Filter>addons\ofxAssimpModelLoader\libs\assimp\include\assimp</Filter>
		</ClInclude>
		<ClInclude Include="..\..\..\libraries\of_v20250319_vs_release\addons\ofxAssimpModelLoader\libs\assimp\include\assimp\matrix4x4.h">
			<Filter>addons\ofxAssimpModelLoader\libs\assimp\include\assimp</Filter>
		</ClInclude>
		<ClInclude Include="..\..\..\libraries\of_v20250319_vs_release\addons\ofxAssimpModelLoader\libs\assimp\include\assimp\MemoryIOWrapper.h">
			<Filter>addons\ofxAssimpModelLoader\libs\assimp\include\assimp</Filter>
		</ClInclude>
		<ClInclude Include="..\..\..\libraries\of_v20250319_vs_release\addons\ofxAssimpModelLoader\libs\assimp\include\assimp\mesh.h">
			<Filter>addons\ofxAssimpModelLoader\libs\assimp\include\assimp</Filter>
		</ClInclude>
		<ClInclude Include="..\..\..\libraries\of_v20250319_vs_release\addons\ofxAssimpModelLoader\libs\assimp\include\assimp\metadata.h">
			<Filter>addons\ofxAssimpModelLoader\libs\assimp\include\assimp</Filter>
		</ClInclude>
		<ClInclude Include="..\..\..\libraries\of_v20250319_vs_release\addons\ofxAssimpModelLoader\libs\assimp\include\assimp\NullLogger.hpp">
			<Filter>addons\ofxAssimpModelLoader\libs\assimp\include\assimp</Filter>
		</ClInclude>
		<ClInclude Include="..\..\..\libraries\of_v20250319_vs_release\addons\ofxAssimpModelLoader\libs\assimp\include\assimp\ObjMaterial.h">
			<Filter>addons\ofxAssimpModelLoader\libs\assimp\include\assimp</Filter>
		</ClInclude>
		<ClInclude Include="..\..\..\libraries\of_v20250319_vs_release\addons\ofxAssimpModelLoader\libs\assimp\include\assimp\ParsingUtils.h">
			<Filter>addons\ofxAssimpModelLoader\libs\assimp\include\assimp</Filter>
		</ClInclude>
		<ClInclude Include="..\..\..\libraries\of_v20250319_vs_release\addons\ofxAssimpModelLoader\libs\assimp\include\assimp\pbrmaterial.h">
			<Filter>addons\ofxAssimpModelLoader\libs\assimp\include\assimp</Filter>
		</ClInclude>
		<ClInclude Include="..\..\..\libraries\of_v20250319_vs_release\addons\ofxAssimpModelLoader\libs\assimp\include\assimp\port\AndroidJNI\AndroidJNIIOSystem.h">
			<Filter>addons\ofxAssimpModelLoader\libs\assimp\include\assimp\port\AndroidJNI</Filter>
		</ClInclude>
		<ClInclude Include="..\..\..\libraries\of_v20250319_vs_release\addons\ofxAssimpModelLoader\libs\assimp\include\assimp\port\AndroidJNI\BundledAssetIOSystem.h">
			<Filter>addons\ofxAssimpModelLoader\libs\assimp\include\assimp\port\AndroidJNI</Filter>
		</ClInclude>
		<ClInclude Include="..\..\..\libraries\of_v20250319_vs_release\addons\ofxAssimpModelLoader\libs\assimp\include\assimp\postprocess.h">
			<Filter>addons\ofxAssimpModelLoader\libs\assimp\include\assimp</Filter>
		</ClInclude>
		<ClInclude Include="..\..\..\libraries\of_v20250319_vs_release\addons\ofxAssimpModelLoader\libs\assimp\include\assimp\Profiler.h">
			<Filter>addons\ofxAssimpModelLoader\libs\assimp\include\assimp</Filter>
		</ClInclude>
		<ClInclude Include="..\..\..\libraries\of_v20250319_vs_release\addons\ofxAssimpModelLoader\libs\assimp\include\assimp\ProgressHandler.hpp">
			<Filter>addons\ofxAssimpModelLoader\libs\assimp\include\assimp</Filter>
		</ClInclude>
		<ClInclude Include="..\..\..\libraries\of_v20250319_vs_release\addons\ofxAssimpModelLoader\libs\assimp\include\assimp\qnan.h">
			<Filter>addons\ofxAssimpModelLoader\libs\assimp\include\assimp</Filter>
		</ClInclude>
		<ClInclude Include="..\..\..\libraries\of_v20250319_vs_release\addons\ofxAssimpModelLoader\libs\assimp\include\assimp\quaternion.h">
			<Filter>addons\ofxAssimpModelLoader\libs\assimp\include\assimp</Filter>
		</ClInclude>
		<ClInclude Include="..\..\..\libraries\of_v20250319_vs_release\addons\ofxAssimpModelLoader\libs\assimp\include\assimp\RemoveComments.h">
			<Filter>addons\ofxAssimpModelLoader\libs\assimp\include\assimp</Filter>
		</ClInclude>
		<ClInclude Include="..\..\..\libraries\of_v20250319_vs_release\addons\ofxAssimpModelLoader\libs\assimp\include\assimp\revision.h">
			<Filter>addons\ofxAssimpModelLoader\libs\assimp\include\assimp</Filter>
		</ClInclude>
		<ClInclude Include="..\..\..\libraries\of_v20250319_vs_release\addons\ofxAssimpModelLoader\libs\assimp\include\assimp\scene.h">
			<Filter>addons\ofxAssimpModelLoader\libs\assimp\include\assimp</Filter>
		</ClInclude>
		<ClInclude Include="..\..\..\libraries\of_v20250319_vs_release\addons\ofxAssimpModelLoader\libs\assimp\include\assimp\SceneCombiner.h">
			<Filter>addons\ofxAssimpModelLoader\libs\assimp\include\assimp</Filter>
		</ClInclude>
		<ClInclude Include="..\..\..\libraries\of_v20250319_vs_release\addons\ofxAssimpModelLoader\libs\assimp\include\assimp\SGSpatialSort.h">
			<Filter>addons\ofxAssimpModelLoader\libs\assimp\include\assimp</Filter>
		</ClInclude>
		<ClInclude Include="..\..\..\libraries\of_v20250319_vs_release\addons\ofxAssimpModelLoader\libs\assimp\include\assimp\SkeletonMeshBuilder.h">
			<Filter>addons\ofxAssimpModelLoader\libs\assimp\include\assimp</Filter>
		</ClInclude>
		<ClInclude Include="..\..\..\libraries\of_v20250319_vs_release\addons\ofxAssimpModelLoader\libs\assimp\include\assimp\SmallVector.h">
			<Filter>addons\ofxAssimpModelLoader\libs\assimp\include\assimp</Filter>
		</ClInclude>
		<ClInclude Include="..\..\..\libraries\of_v20250319_vs_release\addons\ofxAssimpModelLoader\libs\assimp\include\assimp\SmoothingGroups.h">
			<Filter>addons\ofxAssimpModelLoader\libs\assimp\include\assimp</Filter>
		</ClInclude>
		<ClInclude Include="..\..\..\libraries\of_v20250319_vs_release\addons\ofxAssimpModelLoader\libs\assimp\include\assimp\SpatialSort.h">
			<Filter>addons\ofxAssimpModelLoader\libs\assimp\include\assimp</Filter>
		</ClInclude>
		<ClInclude Include="..\..\..\libraries\of_v20250319_vs_release\addons\ofxAssimpModelLoader\libs\assimp\include\assimp\StandardShapes.h">
			<Filter>addons\ofxAssimpModelLoader\libs\assimp\include\assimp</Filter>
		</ClInclude>
		<ClInclude Include="..\..\..\libraries\of_v20250319_vs_release\addons\ofxAssimpModelLoader\libs\assimp\include\assimp\StreamReader.h">
			<Filter>addons\ofxAssimpModelLoader\libs\assimp\include\assimp</Filter>
		</ClInclude>
		<ClInclude Include="..\..\..\libraries\of_v20250319_vs_release\addons\ofxAssimpModelLoader\libs\assimp\include\assimp\StreamWriter.h">
			<Filter>addons\ofxAssimpModelLoader\libs\assimp\include\assimp</Filter>
		</ClInclude>
		<ClInclude Include="..\..\..\libraries\of_v20250319_vs_release\addons\ofxAssimpModelLoader\libs\assimp\include\assimp\StringComparison.h">
			<Filter>addons\ofxAssimpModelLoader\libs\assimp\include\assimp</Filter>
		</ClInclude>
		<ClInclude Include="..\..\..\libraries\of_v20250319_vs_release\addons\ofxAssimpModelLoader\libs\assimp\include\assimp\StringUtils.h">
			<Filter>addons\ofxAssimpModelLoader\libs\assimp\include\assimp</Filter>
		</ClInclude>
		<ClInclude Include="..\..\..\libraries\of_v20250319_vs_release\addons\ofxAssimpModelLoader\libs\assimp\include\assimp\Subdivision.h">
			<Filter>addons\ofxAssimpModelLoader\libs\assimp\include\assimp</Filter>
		</ClInclude>
		<ClInclude Include="..\..\..\libraries\of_v20250319_vs_release\addons\ofxAssimpModelLoader\libs\assimp\include\assimp\texture.h">
			<Filter>addons\ofxAssimpModelLoader\libs\assimp\include\assimp</Filter>
		</ClInclude>
		<ClInclude Include="..\..\..\libraries\of_v20250319_vs_release\addons\ofxAssimpModelLoader\libs\assimp\include\assimp\TinyFormatter.h">
			<Filter>addons\ofxAssimpModelLoader\libs\assimp\include\assimp</Filter>
		</ClInclude>
		<ClInclude Include="..\..\..\libraries\of_v20250319_vs_release\addons\ofxAssimpModelLoader\libs\assimp\include\assimp\types.h">
			<Filter>addons\ofxAssimpModelLoader\libs\assimp\include\assimp</Filter>
		</ClInclude>
		<ClInclude Include="..\..\..\libraries\of_v20250319_vs_release\addons\ofxAssimpModelLoader\libs\assimp\include\assimp\vector2.h">
			<Filter>addons\ofxAssimpModelLoader\libs\assimp\include\assimp</Filter>
		</ClInclude>
		<ClInclude Include="..\..\..\libraries\of_v20250319_vs_release\addons\ofxAssimpModelLoader\libs\assimp\include\assimp\vector3.h">
			<Filter>addons\ofxAssimpModelLoader\libs\assimp\include\assimp</Filter>
		</ClInclude>
		<ClInclude Include="..\..\..\libraries\of_v20250319_vs_release\addons\ofxAssimpModelLoader\libs\assimp\include\assimp\version.h">
			<Filter>addons\ofxAssimpModelLoader\libs\assimp\include\assimp</Filter>
		</ClInclude>
		<ClInclude Include="..\..\..\libraries\of_v20250319_vs_release\addons\ofxAssimpModelLoader\libs\assimp\include\assimp\Vertex.h">
			<Filter>addons\ofxAssimpModelLoader\libs\assimp\include\assimp</Filter>
		</ClInclude>
		<ClInclude Include="..\..\..\libraries\of_v20250319_vs_release\addons\ofxAssimpModelLoader\libs\assimp\include\assimp\XmlParser.h">
			<Filter>addons\ofxAssimpModelLoader\libs\assimp\include\assimp</Filter>
		</ClInclude>
		<ClInclude Include="..\..\..\libraries\of_v20250319_vs_release\addons\ofxAssimpModelLoader\libs\assimp\include\assimp\XMLTools.h">
			<Filter>addons\ofxAssimpModelLoader\libs\assimp\include\assimp</Filter>
		</ClInclude>
		<ClInclude Include="..\..\..\libraries\of_v20250319_vs_release\addons\ofxAssimpModelLoader\libs\assimp\include\assimp\ZipArchiveIOSystem.h">
			<Filter>addons\ofxAssimpModelLoader\libs\assimp\include\assimp</Filter>
		</ClInclude>
		<ClInclude Include="..\..\..\libraries\of_v20250319_vs_release\addons\ofxGui\src\ofxBaseGui.h">
			<Filter>addons\ofxGui\src</Filter>
		</ClInclude>
		<ClInclude Include="..\..\..\libraries\of_v20250319_vs_release\addons\ofxGui\src\ofxButton.h">
			<Filter>addons\ofxGui\src</Filter>
		</ClInclude>
		<ClInclude Include="..\..\..\libraries\of_v20250319_vs_release\addons\ofxGui\src\ofxColorPicker.h">
			<Filter>addons\ofxGui\src</Filter>
		</ClInclude>
		<ClInclude Include="..\..\..\libraries\of_v20250319_vs_release\addons\ofxGui\src\ofxGui.h">
			<Filter>addons\ofxGui\src</Filter>
		</ClInclude>
		<ClInclude Include="..\..\..\libraries\of_v20250319_vs_release\addons\ofxGui\src\ofxGuiGroup.h">
			<Filter>addons\ofxGui\src</Filter>
		</ClInclude>
		<ClInclude Include="..\..\..\libraries\of_v20250319_vs_release\addons\ofxGui\src\ofxGuiUtils.h">
			<Filter>addons\ofxGui\src</Filter>
		</ClInclude>
		<ClInclude Include="..\..\..\libraries\of_v20250319_vs_release\addons\ofxGui\src\ofxInputField.h">
			<Filter>addons\ofxGui\src</Filter>
		</ClInclude>
		<ClInclude Include="..\..\..\libraries\of_v20250319_vs_release\addons\ofxGui\src\ofxLabel.h">
			<Filter>addons\ofxGui\src</Filter>
		</ClInclude>
		<ClInclude Include="..\..\..\libraries\of_v20250319_vs_release\addons\ofxGui\src\ofxPanel.h">
			<Filter>addons\ofxGui\src</Filter>
		</ClInclude>
		<ClInclude Include="..\..\..\libraries\of_v20250319_vs_release\addons\ofxGui\src\ofxSlider.h">
			<Filter>addons\ofxGui\src</Filter>
		</ClInclude>
		<ClInclude Include="..\..\..\libraries\of_v20250319_vs_release\addons\ofxGui\src\ofxSliderGroup.h">
			<Filter>addons\ofxGui\src</Filter>
		</ClInclude>
		<ClInclude Include="..\..\..\libraries\of_v20250319_vs_release\addons\ofxGui\src\ofxToggle.h">
			<Filter>addons\ofxGui\src</Filter>
		</ClInclude>
	</ItemGroup>
	<ItemGroup>
		<ResourceCompile Include="icon.rc" />
	</ItemGroup>
</Project>
